{
  "name": "xxx-framework",
  "version": "1.0.3",
  "lockfileVersion": 1,
  "requires": true,
  "dependencies": {
    "evenbetterevents": {
      "version": "1.0.1",
      "resolved": "https://registry.npmjs.org/evenbetterevents/-/evenbetterevents-1.0.1.tgz",
      "integrity": "sha512-lMe5OALyOEh/4K5eNfyxnkIzEH9L1V2VXvbyTBYBZGfbjF88OIg6l2J9p8JlMBjBQCXZsEshuYPQke+NGXAhyg==",
      "dev": true
    },
    "evenbetterlog": {
      "version": "1.0.2",
      "resolved": "https://registry.npmjs.org/evenbetterlog/-/evenbetterlog-1.0.2.tgz",
      "integrity": "sha512-89BFxI+Nsx5OKYKY3eExkL9pdGXeIlrT3ekP+fcdveklzM/ebafWND5pyvBjq2aatGiHv2qaHXlWxhOSt56yJw==",
      "dev": true
    },
    "libbetter": {
      "version": "1.0.1",
      "resolved": "https://registry.npmjs.org/libbetter/-/libbetter-1.0.1.tgz",
      "integrity": "sha512-J2DW4DmYO/oeVcf6XNE3bGMXY840PibAwOGLY52aQRd/7YfBrrC+MibPymOx/4NxbdUER5xyxSiFbNln09Q56w==",
      "dev": true,
      "requires": {
        "evenbetterevents": "^1.0.1",
        "evenbetterlog": "^1.0.2"
      }
    },
    "smarties": {
      "version": "1.0.3",
      "resolved": "https://registry.npmjs.org/smarties/-/smarties-1.0.3.tgz",
      "integrity": "sha512-jjevEQ0E+OFjkgjIyNw5DNREipuLAYy+KP1CdaGxBr7jT57q5ZqJGsnQWq0y+gqGWSnWZjfRK2/mTCa9bWWCdQ==",
      "dev": true,
      "requires": {
        "libbetter": "1.0.x"
      }
    }
  }
}
